
Microsoft Visual Studio Solution File, Format Version 11.00
# Visual Studio 2010
Project("{FAE04EC0-301F-11D3-BF4B-00C04F79EFBC}") = "BasE91", "BasE91\BasE91.csproj", "{6EA5C2F8-A50A-4630-85BB-B92611ED5BCE}"
EndProject
Project("{FAE04EC0-301F-11D3-BF4B-00C04F79EFBC}") = "BasE91.Console", "BasE91.Console\BasE91.Console.csproj", "{280E6054-54D8-4DDE-8F63-2CF32836F11D}"
EndProject
Global
	GlobalSection(SolutionConfigurationPlatforms) = preSolution
		Debug|Any CPU = Debug|Any CPU
		Debug|Mixed Platforms = Debug|Mixed Platforms
		Debug|x86 = Debug|x86
		Release|Any CPU = Release|Any CPU
		Release|Mixed Platforms = Release|Mixed Platforms
		Release|x86 = Release|x86
	EndGlobalSection
	GlobalSection(ProjectConfigurationPlatforms) = postSolution
		{6EA5C2F8-A50A-4630-85BB-B92611ED5BCE}.Debug|Any CPU.ActiveCfg = Debug|Any CPU
		{6EA5C2F8-A50A-4630-85BB-B92611ED5BCE}.Debug|Any CPU.Build.0 = Debug|Any CPU
		{6EA5C2F8-A50A-4630-85BB-B92611ED5BCE}.Debug|Mixed Platforms.ActiveCfg = Debug|Any CPU
		{6EA5C2F8-A50A-4630-85BB-B92611ED5BCE}.Debug|Mixed Platforms.Build.0 = Debug|Any CPU
		{6EA5C2F8-A50A-4630-85BB-B92611ED5BCE}.Debug|x86.ActiveCfg = Debug|Any CPU
		{6EA5C2F8-A50A-4630-85BB-B92611ED5BCE}.Release|Any CPU.ActiveCfg = Release|Any CPU
		{6EA5C2F8-A50A-4630-85BB-B92611ED5BCE}.Release|Any CPU.Build.0 = Release|Any CPU
		{6EA5C2F8-A50A-4630-85BB-B92611ED5BCE}.Release|Mixed Platforms.ActiveCfg = Release|Any CPU
		{6EA5C2F8-A50A-4630-85BB-B92611ED5BCE}.Release|Mixed Platforms.Build.0 = Release|Any CPU
		{6EA5C2F8-A50A-4630-85BB-B92611ED5BCE}.Release|x86.ActiveCfg = Release|Any CPU
		{280E6054-54D8-4DDE-8F63-2CF32836F11D}.Debug|Any CPU.ActiveCfg = Debug|x86
		{280E6054-54D8-4DDE-8F63-2CF32836F11D}.Debug|Mixed Platforms.ActiveCfg = Debug|x86
		{280E6054-54D8-4DDE-8F63-2CF32836F11D}.Debug|Mixed Platforms.Build.0 = Debug|x86
		{280E6054-54D8-4DDE-8F63-2CF32836F11D}.Debug|x86.ActiveCfg = Debug|x86
		{280E6054-54D8-4DDE-8F63-2CF32836F11D}.Debug|x86.Build.0 = Debug|x86
		{280E6054-54D8-4DDE-8F63-2CF32836F11D}.Release|Any CPU.ActiveCfg = Release|x86
		{280E6054-54D8-4DDE-8F63-2CF32836F11D}.Release|Mixed Platforms.ActiveCfg = Release|x86
		{280E6054-54D8-4DDE-8F63-2CF32836F11D}.Release|Mixed Platforms.Build.0 = Release|x86
		{280E6054-54D8-4DDE-8F63-2CF32836F11D}.Release|x86.ActiveCfg = Release|x86
		{280E6054-54D8-4DDE-8F63-2CF32836F11D}.Release|x86.Build.0 = Release|x86
	EndGlobalSection
	GlobalSection(SolutionProperties) = preSolution
		HideSolutionNode = FALSE
	EndGlobalSection
EndGlobal
