
Microsoft Visual Studio Solution File, Format Version 12.00
# Visual Studio 15
VisualStudioVersion = 15.0.26124.0
MinimumVisualStudioVersion = 15.0.26124.0
Project("{2150E333-8FDC-42A3-9474-1A3956D46DE8}") = "src", "src", "{1193BC3D-9903-4965-A1B6-176BDFA51DC2}"
EndProject
Project("{FAE04EC0-301F-11D3-BF4B-00C04F79EFBC}") = "DZen.BasE91", "src\DZen.BasE91\DZen.BasE91.csproj", "{8AA73A60-50AE-4426-B3A5-053C25E2D937}"
EndProject
Project("{2150E333-8FDC-42A3-9474-1A3956D46DE8}") = "test", "test", "{506A6AF9-829C-4D16-88AE-E45DA3DC09C6}"
EndProject
Project("{FAE04EC0-301F-11D3-BF4B-00C04F79EFBC}") = "DZen.BasE91.Benchmark", "test\DZen.BasE91.Benchmark\DZen.BasE91.Benchmark.csproj", "{F1F4440D-BEAE-4BA4-A3E2-2E282757B51B}"
EndProject
Project("{FAE04EC0-301F-11D3-BF4B-00C04F79EFBC}") = "DZen.BasE91.Test", "test\DZen.BasE91.Test\DZen.BasE91.Test.csproj", "{45981584-06EE-4C82-83EB-6BE15A77DAD2}"
EndProject
Global
	GlobalSection(SolutionConfigurationPlatforms) = preSolution
		Debug|Any CPU = Debug|Any CPU
		Debug|x64 = Debug|x64
		Debug|x86 = Debug|x86
		Release|Any CPU = Release|Any CPU
		Release|x64 = Release|x64
		Release|x86 = Release|x86
	EndGlobalSection
	GlobalSection(SolutionProperties) = preSolution
		HideSolutionNode = FALSE
	EndGlobalSection
	GlobalSection(ProjectConfigurationPlatforms) = postSolution
		{8AA73A60-50AE-4426-B3A5-053C25E2D937}.Debug|Any CPU.ActiveCfg = Debug|Any CPU
		{8AA73A60-50AE-4426-B3A5-053C25E2D937}.Debug|Any CPU.Build.0 = Debug|Any CPU
		{8AA73A60-50AE-4426-B3A5-053C25E2D937}.Debug|x64.ActiveCfg = Debug|Any CPU
		{8AA73A60-50AE-4426-B3A5-053C25E2D937}.Debug|x64.Build.0 = Debug|Any CPU
		{8AA73A60-50AE-4426-B3A5-053C25E2D937}.Debug|x86.ActiveCfg = Debug|Any CPU
		{8AA73A60-50AE-4426-B3A5-053C25E2D937}.Debug|x86.Build.0 = Debug|Any CPU
		{8AA73A60-50AE-4426-B3A5-053C25E2D937}.Release|Any CPU.ActiveCfg = Release|Any CPU
		{8AA73A60-50AE-4426-B3A5-053C25E2D937}.Release|Any CPU.Build.0 = Release|Any CPU
		{8AA73A60-50AE-4426-B3A5-053C25E2D937}.Release|x64.ActiveCfg = Release|Any CPU
		{8AA73A60-50AE-4426-B3A5-053C25E2D937}.Release|x64.Build.0 = Release|Any CPU
		{8AA73A60-50AE-4426-B3A5-053C25E2D937}.Release|x86.ActiveCfg = Release|Any CPU
		{8AA73A60-50AE-4426-B3A5-053C25E2D937}.Release|x86.Build.0 = Release|Any CPU
		{F1F4440D-BEAE-4BA4-A3E2-2E282757B51B}.Debug|Any CPU.ActiveCfg = Debug|Any CPU
		{F1F4440D-BEAE-4BA4-A3E2-2E282757B51B}.Debug|Any CPU.Build.0 = Debug|Any CPU
		{F1F4440D-BEAE-4BA4-A3E2-2E282757B51B}.Debug|x64.ActiveCfg = Debug|Any CPU
		{F1F4440D-BEAE-4BA4-A3E2-2E282757B51B}.Debug|x64.Build.0 = Debug|Any CPU
		{F1F4440D-BEAE-4BA4-A3E2-2E282757B51B}.Debug|x86.ActiveCfg = Debug|Any CPU
		{F1F4440D-BEAE-4BA4-A3E2-2E282757B51B}.Debug|x86.Build.0 = Debug|Any CPU
		{F1F4440D-BEAE-4BA4-A3E2-2E282757B51B}.Release|Any CPU.ActiveCfg = Release|Any CPU
		{F1F4440D-BEAE-4BA4-A3E2-2E282757B51B}.Release|Any CPU.Build.0 = Release|Any CPU
		{F1F4440D-BEAE-4BA4-A3E2-2E282757B51B}.Release|x64.ActiveCfg = Release|Any CPU
		{F1F4440D-BEAE-4BA4-A3E2-2E282757B51B}.Release|x64.Build.0 = Release|Any CPU
		{F1F4440D-BEAE-4BA4-A3E2-2E282757B51B}.Release|x86.ActiveCfg = Release|Any CPU
		{F1F4440D-BEAE-4BA4-A3E2-2E282757B51B}.Release|x86.Build.0 = Release|Any CPU
		{45981584-06EE-4C82-83EB-6BE15A77DAD2}.Debug|Any CPU.ActiveCfg = Debug|Any CPU
		{45981584-06EE-4C82-83EB-6BE15A77DAD2}.Debug|Any CPU.Build.0 = Debug|Any CPU
		{45981584-06EE-4C82-83EB-6BE15A77DAD2}.Debug|x64.ActiveCfg = Debug|Any CPU
		{45981584-06EE-4C82-83EB-6BE15A77DAD2}.Debug|x64.Build.0 = Debug|Any CPU
		{45981584-06EE-4C82-83EB-6BE15A77DAD2}.Debug|x86.ActiveCfg = Debug|Any CPU
		{45981584-06EE-4C82-83EB-6BE15A77DAD2}.Debug|x86.Build.0 = Debug|Any CPU
		{45981584-06EE-4C82-83EB-6BE15A77DAD2}.Release|Any CPU.ActiveCfg = Release|Any CPU
		{45981584-06EE-4C82-83EB-6BE15A77DAD2}.Release|Any CPU.Build.0 = Release|Any CPU
		{45981584-06EE-4C82-83EB-6BE15A77DAD2}.Release|x64.ActiveCfg = Release|Any CPU
		{45981584-06EE-4C82-83EB-6BE15A77DAD2}.Release|x64.Build.0 = Release|Any CPU
		{45981584-06EE-4C82-83EB-6BE15A77DAD2}.Release|x86.ActiveCfg = Release|Any CPU
		{45981584-06EE-4C82-83EB-6BE15A77DAD2}.Release|x86.Build.0 = Release|Any CPU
	EndGlobalSection
	GlobalSection(NestedProjects) = preSolution
		{8AA73A60-50AE-4426-B3A5-053C25E2D937} = {1193BC3D-9903-4965-A1B6-176BDFA51DC2}
		{F1F4440D-BEAE-4BA4-A3E2-2E282757B51B} = {506A6AF9-829C-4D16-88AE-E45DA3DC09C6}
		{45981584-06EE-4C82-83EB-6BE15A77DAD2} = {506A6AF9-829C-4D16-88AE-E45DA3DC09C6}
	EndGlobalSection
EndGlobal
